{
  "name": "chrome-extension-exp",
  "version": "1.0.0",
  "lockfileVersion": 2,
  "requires": true,
  "packages": {
    "": {
      "version": "1.0.0",
      "license": "ISC",
      "dependencies": {
        "chrome-types": "^0.1.94"
      }
    },
    "node_modules/chrome-types": {
      "version": "0.1.94",
      "resolved": "https://registry.npmjs.org/chrome-types/-/chrome-types-0.1.94.tgz",
      "integrity": "sha512-xdPBF9M0qfx5F/8z28x8TkmSRKnvj3P3DahpXdfOKY8/I4PymQ953Iq/6ctdlayOxbd8QNSvRNkiOTct6uSY2w=="
    }
  },
  "dependencies": {
    "chrome-types": {
      "version": "0.1.94",
      "resolved": "https://registry.npmjs.org/chrome-types/-/chrome-types-0.1.94.tgz",
      "integrity": "sha512-xdPBF9M0qfx5F/8z28x8TkmSRKnvj3P3DahpXdfOKY8/I4PymQ953Iq/6ctdlayOxbd8QNSvRNkiOTct6uSY2w=="
    }
  }
}
